// !$*UTF8*$!
{
	archiveVersion = 1;
	classes = {
	};
	objectVersion = 56;
	objects = {

/* Begin PBXBuildFile section */
		CED862272BF58AE8000B0023 /* AppDelegate.swift in Sources */ = {isa = PBXBuildFile; fileRef = CED862262BF58AE8000B0023 /* AppDelegate.swift */; };
		CED862292BF58AE8000B0023 /* SceneDelegate.swift in Sources */ = {isa = PBXBuildFile; fileRef = CED862282BF58AE8000B0023 /* SceneDelegate.swift */; };
		CED8622B2BF58AE8000B0023 /* ViewController.swift in Sources */ = {isa = PBXBuildFile; fileRef = CED8622A2BF58AE8000B0023 /* ViewController.swift */; };
		CED8622E2BF58AE8000B0023 /* Base in Resources */ = {isa = PBXBuildFile; fileRef = CED8622D2BF58AE8000B0023 /* Base */; };
		CED862302BF58AEB000B0023 /* Assets.xcassets in Resources */ = {isa = PBXBuildFile; fileRef = CED8622F2BF58AEB000B0023 /* Assets.xcassets */; };
		CED862332BF58AEB000B0023 /* Base in Resources */ = {isa = PBXBuildFile; fileRef = CED862322BF58AEB000B0023 /* Base */; };
		CED8623C2BF5A0E2000B0023 /* MovieViewController.swift in Sources */ = {isa = PBXBuildFile; fileRef = CED8623B2BF5A0E2000B0023 /* MovieViewController.swift */; };
		CED862402BF5A2D6000B0023 /* ProfileViewController.swift in Sources */ = {isa = PBXBuildFile; fileRef = CED8623F2BF5A2D6000B0023 /* ProfileViewController.swift */; };
		CED862422BF5A57D000B0023 /* SettingViewController.swift in Sources */ = {isa = PBXBuildFile; fileRef = CED862412BF5A57D000B0023 /* SettingViewController.swift */; };
		CEDD03422BF5D2840092B627 /* SearchViewController.swift in Sources */ = {isa = PBXBuildFile; fileRef = CEDD03412BF5D2840092B627 /* SearchViewController.swift */; };
		CEF204A42BF72255001217F4 /* ExampleViewController.swift in Sources */ = {isa = PBXBuildFile; fileRef = CEF204A32BF72255001217F4 /* ExampleViewController.swift */; };
/* End PBXBuildFile section */

/* Begin PBXFileReference section */
		CED862232BF58AE8000B0023 /* SeSAC-0.app */ = {isa = PBXFileReference; explicitFileType = wrapper.application; includeInIndex = 0; path = "SeSAC-0.app"; sourceTree = BUILT_PRODUCTS_DIR; };
		CED862262BF58AE8000B0023 /* AppDelegate.swift */ = {isa = PBXFileReference; lastKnownFileType = sourcecode.swift; path = AppDelegate.swift; sourceTree = "<group>"; };
		CED862282BF58AE8000B0023 /* SceneDelegate.swift */ = {isa = PBXFileReference; lastKnownFileType = sourcecode.swift; path = SceneDelegate.swift; sourceTree = "<group>"; };
		CED8622A2BF58AE8000B0023 /* ViewController.swift */ = {isa = PBXFileReference; lastKnownFileType = sourcecode.swift; path = ViewController.swift; sourceTree = "<group>"; };
		CED8622D2BF58AE8000B0023 /* Base */ = {isa = PBXFileReference; lastKnownFileType = file.storyboard; name = Base; path = Base.lproj/Main.storyboard; sourceTree = "<group>"; };
		CED8622F2BF58AEB000B0023 /* Assets.xcassets */ = {isa = PBXFileReference; lastKnownFileType = folder.assetcatalog; path = Assets.xcassets; sourceTree = "<group>"; };
		CED862322BF58AEB000B0023 /* Base */ = {isa = PBXFileReference; lastKnownFileType = file.storyboard; name = Base; path = Base.lproj/LaunchScreen.storyboard; sourceTree = "<group>"; };
		CED862342BF58AEB000B0023 /* Info.plist */ = {isa = PBXFileReference; lastKnownFileType = text.plist.xml; path = Info.plist; sourceTree = "<group>"; };
		CED8623B2BF5A0E2000B0023 /* MovieViewController.swift */ = {isa = PBXFileReference; lastKnownFileType = sourcecode.swift; path = MovieViewController.swift; sourceTree = "<group>"; };
		CED8623F2BF5A2D6000B0023 /* ProfileViewController.swift */ = {isa = PBXFileReference; lastKnownFileType = sourcecode.swift; path = ProfileViewController.swift; sourceTree = "<group>"; };
		CED862412BF5A57D000B0023 /* SettingViewController.swift */ = {isa = PBXFileReference; lastKnownFileType = sourcecode.swift; path = SettingViewController.swift; sourceTree = "<group>"; };
		CEDD03412BF5D2840092B627 /* SearchViewController.swift */ = {isa = PBXFileReference; lastKnownFileType = sourcecode.swift; path = SearchViewController.swift; sourceTree = "<group>"; };
		CEF204A32BF72255001217F4 /* ExampleViewController.swift */ = {isa = PBXFileReference; lastKnownFileType = sourcecode.swift; path = ExampleViewController.swift; sourceTree = "<group>"; };
/* End PBXFileReference section */

/* Begin PBXFrameworksBuildPhase section */
		CED862202BF58AE8000B0023 /* Frameworks */ = {
			isa = PBXFrameworksBuildPhase;
			buildActionMask = 2147483647;
			files = (
			);
			runOnlyForDeploymentPostprocessing = 0;
		};
/* End PBXFrameworksBuildPhase section */

/* Begin PBXGroup section */
		CED8621A2BF58AE8000B0023 = {
			isa = PBXGroup;
			children = (
				CED862252BF58AE8000B0023 /* SeSAC-0 */,
				CED862242BF58AE8000B0023 /* Products */,
			);
			sourceTree = "<group>";
		};
		CED862242BF58AE8000B0023 /* Products */ = {
			isa = PBXGroup;
			children = (
				CED862232BF58AE8000B0023 /* SeSAC-0.app */,
			);
			name = Products;
			sourceTree = "<group>";
		};
		CED862252BF58AE8000B0023 /* SeSAC-0 */ = {
			isa = PBXGroup;
			children = (
				CED8623A2BF5A04D000B0023 /* Movie */,
				CED862262BF58AE8000B0023 /* AppDelegate.swift */,
				CED862282BF58AE8000B0023 /* SceneDelegate.swift */,
				CED8622A2BF58AE8000B0023 /* ViewController.swift */,
				CED8622C2BF58AE8000B0023 /* Main.storyboard */,
				CED8622F2BF58AEB000B0023 /* Assets.xcassets */,
				CED862312BF58AEB000B0023 /* LaunchScreen.storyboard */,
				CED862342BF58AEB000B0023 /* Info.plist */,
				CED8623F2BF5A2D6000B0023 /* ProfileViewController.swift */,
				CEF204A32BF72255001217F4 /* ExampleViewController.swift */,
				CED862412BF5A57D000B0023 /* SettingViewController.swift */,
			);
			path = "SeSAC-0";
			sourceTree = "<group>";
		};
		CED8623A2BF5A04D000B0023 /* Movie */ = {
			isa = PBXGroup;
			children = (
				CED8623B2BF5A0E2000B0023 /* MovieViewController.swift */,
				CEDD03412BF5D2840092B627 /* SearchViewController.swift */,
			);
			path = Movie;
			sourceTree = "<group>";
		};
/* End PBXGroup section */

/* Begin PBXNativeTarget section */
		CED862222BF58AE8000B0023 /* SeSAC-0 */ = {
			isa = PBXNativeTarget;
			buildConfigurationList = CED862372BF58AEB000B0023 /* Build configuration list for PBXNativeTarget "SeSAC-0" */;
			buildPhases = (
				CED8621F2BF58AE8000B0023 /* Sources */,
				CED862202BF58AE8000B0023 /* Frameworks */,
				CED862212BF58AE8000B0023 /* Resources */,
			);
			buildRules = (
			);
			dependencies = (
			);
			name = "SeSAC-0";
			productName = "SeSAC-0";
			productReference = CED862232BF58AE8000B0023 /* SeSAC-0.app */;
			productType = "com.apple.product-type.application";
		};
/* End PBXNativeTarget section */

/* Begin PBXProject section */
		CED8621B2BF58AE8000B0023 /* Project object */ = {
			isa = PBXProject;
			attributes = {
				BuildIndependentTargetsInParallel = 1;
				LastSwiftUpdateCheck = 1530;
				LastUpgradeCheck = 1530;
				TargetAttributes = {
					CED862222BF58AE8000B0023 = {
						CreatedOnToolsVersion = 15.3;
					};
				};
			};
			buildConfigurationList = CED8621E2BF58AE8000B0023 /* Build configuration list for PBXProject "SeSAC-0" */;
			compatibilityVersion = "Xcode 14.0";
			developmentRegion = en;
			hasScannedForEncodings = 0;
			knownRegions = (
				en,
				Base,
			);
			mainGroup = CED8621A2BF58AE8000B0023;
			productRefGroup = CED862242BF58AE8000B0023 /* Products */;
			projectDirPath = "";
			projectRoot = "";
			targets = (
				CED862222BF58AE8000B0023 /* SeSAC-0 */,
			);
		};
/* End PBXProject section */

/* Begin PBXResourcesBuildPhase section */
		CED862212BF58AE8000B0023 /* Resources */ = {
			isa = PBXResourcesBuildPhase;
			buildActionMask = 2147483647;
			files = (
				CED862302BF58AEB000B0023 /* Assets.xcassets in Resources */,
				CED862332BF58AEB000B0023 /* Base in Resources */,
				CED8622E2BF58AE8000B0023 /* Base in Resources */,
			);
			runOnlyForDeploymentPostprocessing = 0;
		};
/* End PBXResourcesBuildPhase section */

/* Begin PBXSourcesBuildPhase section */
		CED8621F2BF58AE8000B0023 /* Sources */ = {
			isa = PBXSourcesBuildPhase;
			buildActionMask = 2147483647;
			files = (
				CED862402BF5A2D6000B0023 /* ProfileViewController.swift in Sources */,
				CEF204A42BF72255001217F4 /* ExampleViewController.swift in Sources */,
				CEDD03422BF5D2840092B627 /* SearchViewController.swift in Sources */,
				CED8622B2BF58AE8000B0023 /* ViewController.swift in Sources */,
				CED862272BF58AE8000B0023 /* AppDelegate.swift in Sources */,
				CED862292BF58AE8000B0023 /* SceneDelegate.swift in Sources */,
				CED862422BF5A57D000B0023 /* SettingViewController.swift in Sources */,
				CED8623C2BF5A0E2000B0023 /* MovieViewController.swift in Sources */,
			);
			runOnlyForDeploymentPostprocessing = 0;
		};
/* End PBXSourcesBuildPhase section */

/* Begin PBXVariantGroup section */
		CED8622C2BF58AE8000B0023 /* Main.storyboard */ = {
			isa = PBXVariantGroup;
			children = (
				CED8622D2BF58AE8000B0023 /* Base */,
			);
			name = Main.storyboard;
			sourceTree = "<group>";
		};
		CED862312BF58AEB000B0023 /* LaunchScreen.storyboard */ = {
			isa = PBXVariantGroup;
			children = (
				CED862322BF58AEB000B0023 /* Base */,
			);
			name = LaunchScreen.storyboard;
			sourceTree = "<group>";
		};
/* End PBXVariantGroup section */

/* Begin XCBuildConfiguration section */
		CED862352BF58AEB000B0023 /* Debug */ = {
			isa = XCBuildConfiguration;
			buildSettings = {
				ALWAYS_SEARCH_USER_PATHS = NO;
				ASSETCATALOG_COMPILER_GENERATE_SWIFT_ASSET_SYMBOL_EXTENSIONS = YES;
				CLANG_ANALYZER_NONNULL = YES;
				CLANG_ANALYZER_NUMBER_OBJECT_CONVERSION = YES_AGGRESSIVE;
				CLANG_CXX_LANGUAGE_STANDARD = "gnu++20";
				CLANG_ENABLE_MODULES = YES;
				CLANG_ENABLE_OBJC_ARC = YES;
				CLANG_ENABLE_OBJC_WEAK = YES;
				CLANG_WARN_BLOCK_CAPTURE_AUTORELEASING = YES;
				CLANG_WARN_BOOL_CONVERSION = YES;
				CLANG_WARN_COMMA = YES;
				CLANG_WARN_CONSTANT_CONVERSION = YES;
				CLANG_WARN_DEPRECATED_OBJC_IMPLEMENTATIONS = YES;
				CLANG_WARN_DIRECT_OBJC_ISA_USAGE = YES_ERROR;
				CLANG_WARN_DOCUMENTATION_COMMENTS = YES;
				CLANG_WARN_EMPTY_BODY = YES;
				CLANG_WARN_ENUM_CONVERSION = YES;
				CLANG_WARN_INFINITE_RECURSION = YES;
				CLANG_WARN_INT_CONVERSION = YES;
				CLANG_WARN_NON_LITERAL_NULL_CONVERSION = YES;
				CLANG_WARN_OBJC_IMPLICIT_RETAIN_SELF = YES;
				CLANG_WARN_OBJC_LITERAL_CONVERSION = YES;
				CLANG_WARN_OBJC_ROOT_CLASS = YES_ERROR;
				CLANG_WARN_QUOTED_INCLUDE_IN_FRAMEWORK_HEADER = YES;
				CLANG_WARN_RANGE_LOOP_ANALYSIS = YES;
				CLANG_WARN_STRICT_PROTOTYPES = YES;
				CLANG_WARN_SUSPICIOUS_MOVE = YES;
				CLANG_WARN_UNGUARDED_AVAILABILITY = YES_AGGRESSIVE;
				CLANG_WARN_UNREACHABLE_CODE = YES;
				CLANG_WARN__DUPLICATE_METHOD_MATCH = YES;
				COPY_PHASE_STRIP = NO;
				DEBUG_INFORMATION_FORMAT = dwarf;
				ENABLE_STRICT_OBJC_MSGSEND = YES;
				ENABLE_TESTABILITY = YES;
				ENABLE_USER_SCRIPT_SANDBOXING = YES;
				GCC_C_LANGUAGE_STANDARD = gnu17;
				GCC_DYNAMIC_NO_PIC = NO;
				GCC_NO_COMMON_BLOCKS = YES;
				GCC_OPTIMIZATION_LEVEL = 0;
				GCC_PREPROCESSOR_DEFINITIONS = (
					"DEBUG=1",
					"$(inherited)",
				);
				GCC_WARN_64_TO_32_BIT_CONVERSION = YES;
				GCC_WARN_ABOUT_RETURN_TYPE = YES_ERROR;
				GCC_WARN_UNDECLARED_SELECTOR = YES;
				GCC_WARN_UNINITIALIZED_AUTOS = YES_AGGRESSIVE;
				GCC_WARN_UNUSED_FUNCTION = YES;
				GCC_WARN_UNUSED_VARIABLE = YES;
				IPHONEOS_DEPLOYMENT_TARGET = 17.4;
				LOCALIZATION_PREFERS_STRING_CATALOGS = YES;
				MTL_ENABLE_DEBUG_INFO = INCLUDE_SOURCE;
				MTL_FAST_MATH = YES;
				ONLY_ACTIVE_ARCH = YES;
				SDKROOT = iphoneos;
				SWIFT_ACTIVE_COMPILATION_CONDITIONS = "DEBUG $(inherited)";
				SWIFT_OPTIMIZATION_LEVEL = "-Onone";
			};
			name = Debug;
		};
		CED862362BF58AEB000B0023 /* Release */ = {
			isa = XCBuildConfiguration;
			buildSettings = {
				ALWAYS_SEARCH_USER_PATHS = NO;
				ASSETCATALOG_COMPILER_GENERATE_SWIFT_ASSET_SYMBOL_EXTENSIONS = YES;
				CLANG_ANALYZER_NONNULL = YES;
				CLANG_ANALYZER_NUMBER_OBJECT_CONVERSION = YES_AGGRESSIVE;
				CLANG_CXX_LANGUAGE_STANDARD = "gnu++20";
				CLANG_ENABLE_MODULES = YES;
				CLANG_ENABLE_OBJC_ARC = YES;
				CLANG_ENABLE_OBJC_WEAK = YES;
				CLANG_WARN_BLOCK_CAPTURE_AUTORELEASING = YES;
				CLANG_WARN_BOOL_CONVERSION = YES;
				CLANG_WARN_COMMA = YES;
				CLANG_WARN_CONSTANT_CONVERSION = YES;
				CLANG_WARN_DEPRECATED_OBJC_IMPLEMENTATIONS = YES;
				CLANG_WARN_DIRECT_OBJC_ISA_USAGE = YES_ERROR;
				CLANG_WARN_DOCUMENTATION_COMMENTS = YES;
				CLANG_WARN_EMPTY_BODY = YES;
				CLANG_WARN_ENUM_CONVERSION = YES;
				CLANG_WARN_INFINITE_RECURSION = YES;
				CLANG_WARN_INT_CONVERSION = YES;
				CLANG_WARN_NON_LITERAL_NULL_CONVERSION = YES;
				CLANG_WARN_OBJC_IMPLICIT_RETAIN_SELF = YES;
				CLANG_WARN_OBJC_LITERAL_CONVERSION = YES;
				CLANG_WARN_OBJC_ROOT_CLASS = YES_ERROR;
				CLANG_WARN_QUOTED_INCLUDE_IN_FRAMEWORK_HEADER = YES;
				CLANG_WARN_RANGE_LOOP_ANALYSIS = YES;
				CLANG_WARN_STRICT_PROTOTYPES = YES;
				CLANG_WARN_SUSPICIOUS_MOVE = YES;
				CLANG_WARN_UNGUARDED_AVAILABILITY = YES_AGGRESSIVE;
				CLANG_WARN_UNREACHABLE_CODE = YES;
				CLANG_WARN__DUPLICATE_METHOD_MATCH = YES;
				COPY_PHASE_STRIP = NO;
				DEBUG_INFORMATION_FORMAT = "dwarf-with-dsym";
				ENABLE_NS_ASSERTIONS = NO;
				ENABLE_STRICT_OBJC_MSGSEND = YES;
				ENABLE_USER_SCRIPT_SANDBOXING = YES;
				GCC_C_LANGUAGE_STANDARD = gnu17;
				GCC_NO_COMMON_BLOCKS = YES;
				GCC_WARN_64_TO_32_BIT_CONVERSION = YES;
				GCC_WARN_ABOUT_RETURN_TYPE = YES_ERROR;
				GCC_WARN_UNDECLARED_SELECTOR = YES;
				GCC_WARN_UNINITIALIZED_AUTOS = YES_AGGRESSIVE;
				GCC_WARN_UNUSED_FUNCTION = YES;
				GCC_WARN_UNUSED_VARIABLE = YES;
				IPHONEOS_DEPLOYMENT_TARGET = 17.4;
				LOCALIZATION_PREFERS_STRING_CATALOGS = YES;
				MTL_ENABLE_DEBUG_INFO = NO;
				MTL_FAST_MATH = YES;
				SDKROOT = iphoneos;
				SWIFT_COMPILATION_MODE = wholemodule;
				VALIDATE_PRODUCT = YES;
			};
			name = Release;
		};
		CED862382BF58AEB000B0023 /* Debug */ = {
			isa = XCBuildConfiguration;
			buildSettings = {
				ASSETCATALOG_COMPILER_APPICON_NAME = AppIcon;
				ASSETCATALOG_COMPILER_GLOBAL_ACCENT_COLOR_NAME = AccentColor;
				CODE_SIGN_STYLE = Automatic;
				CURRENT_PROJECT_VERSION = 1;
				GENERATE_INFOPLIST_FILE = YES;
				INFOPLIST_FILE = "SeSAC-0/Info.plist";
				INFOPLIST_KEY_UIApplicationSupportsIndirectInputEvents = YES;
				INFOPLIST_KEY_UILaunchStoryboardName = LaunchScreen;
				INFOPLIST_KEY_UIMainStoryboardFile = Main;
				INFOPLIST_KEY_UISupportedInterfaceOrientations_iPad = "UIInterfaceOrientationPortrait UIInterfaceOrientationPortraitUpsideDown UIInterfaceOrientationLandscapeLeft UIInterfaceOrientationLandscapeRight";
				INFOPLIST_KEY_UISupportedInterfaceOrientations_iPhone = "UIInterfaceOrientationPortrait UIInterfaceOrientationLandscapeLeft UIInterfaceOrientationLandscapeRight";
				LD_RUNPATH_SEARCH_PATHS = (
					"$(inherited)",
					"@executable_path/Frameworks",
				);
				MARKETING_VERSION = 1.0;
				PRODUCT_BUNDLE_IDENTIFIER = "com.sesac.SeSAC-0";
				PRODUCT_NAME = "$(TARGET_NAME)";
				SWIFT_EMIT_LOC_STRINGS = YES;
				SWIFT_VERSION = 5.0;
				TARGETED_DEVICE_FAMILY = "1,2";
			};
			name = Debug;
		};
		CED862392BF58AEB000B0023 /* Release */ = {
			isa = XCBuildConfiguration;
			buildSettings = {
				ASSETCATALOG_COMPILER_APPICON_NAME = AppIcon;
				ASSETCATALOG_COMPILER_GLOBAL_ACCENT_COLOR_NAME = AccentColor;
				CODE_SIGN_STYLE = Automatic;
				CURRENT_PROJECT_VERSION = 1;
				GENERATE_INFOPLIST_FILE = YES;
				INFOPLIST_FILE = "SeSAC-0/Info.plist";
				INFOPLIST_KEY_UIApplicationSupportsIndirectInputEvents = YES;
				INFOPLIST_KEY_UILaunchStoryboardName = LaunchScreen;
				INFOPLIST_KEY_UIMainStoryboardFile = Main;
				INFOPLIST_KEY_UISupportedInterfaceOrientations_iPad = "UIInterfaceOrientationPortrait UIInterfaceOrientationPortraitUpsideDown UIInterfaceOrientationLandscapeLeft UIInterfaceOrientationLandscapeRight";
				INFOPLIST_KEY_UISupportedInterfaceOrientations_iPhone = "UIInterfaceOrientationPortrait UIInterfaceOrientationLandscapeLeft UIInterfaceOrientationLandscapeRight";
				LD_RUNPATH_SEARCH_PATHS = (
					"$(inherited)",
					"@executable_path/Frameworks",
				);
				MARKETING_VERSION = 1.0;
				PRODUCT_BUNDLE_IDENTIFIER = "com.sesac.SeSAC-0";
				PRODUCT_NAME = "$(TARGET_NAME)";
				SWIFT_EMIT_LOC_STRINGS = YES;
				SWIFT_VERSION = 5.0;
				TARGETED_DEVICE_FAMILY = "1,2";
			};
			name = Release;
		};
/* End XCBuildConfiguration section */

/* Begin XCConfigurationList section */
		CED8621E2BF58AE8000B0023 /* Build configuration list for PBXProject "SeSAC-0" */ = {
			isa = XCConfigurationList;
			buildConfigurations = (
				CED862352BF58AEB000B0023 /* Debug */,
				CED862362BF58AEB000B0023 /* Release */,
			);
			defaultConfigurationIsVisible = 0;
			defaultConfigurationName = Release;
		};
		CED862372BF58AEB000B0023 /* Build configuration list for PBXNativeTarget "SeSAC-0" */ = {
			isa = XCConfigurationList;
			buildConfigurations = (
				CED862382BF58AEB000B0023 /* Debug */,
				CED862392BF58AEB000B0023 /* Release */,
			);
			defaultConfigurationIsVisible = 0;
			defaultConfigurationName = Release;
		};
/* End XCConfigurationList section */
	};
	rootObject = CED8621B2BF58AE8000B0023 /* Project object */;
}
